
Microsoft Visual Studio Solution File, Format Version 12.00
Project("{FAE04EC0-301F-11D3-BF4B-00C04F79EFBC}") = "mvpos-dotnet-sdk", "mvpos-dotnet-sdk.csproj", "{8533C19F-7ABD-45C1-B425-36823977DA70}"
EndProject
Global
	GlobalSection(SolutionConfigurationPlatforms) = preSolution
		Debug|Any CPU = Debug|Any CPU
		Release|Any CPU = Release|Any CPU
	EndGlobalSection
	GlobalSection(ProjectConfigurationPlatforms) = postSolution
		{8533C19F-7ABD-45C1-B425-36823977DA70}.Debug|Any CPU.ActiveCfg = Debug|Any CPU
		{8533C19F-7ABD-45C1-B425-36823977DA70}.Debug|Any CPU.Build.0 = Debug|Any CPU
		{8533C19F-7ABD-45C1-B425-36823977DA70}.Release|Any CPU.ActiveCfg = Release|Any CPU
		{8533C19F-7ABD-45C1-B425-36823977DA70}.Release|Any CPU.Build.0 = Release|Any CPU
	EndGlobalSection
EndGlobal
